// !$*UTF8*$!
{
	archiveVersion = 1;
	classes = {
	};
	objectVersion = 46;
	objects = {

/* Begin PBXBuildFile section */
		736CC8A0165CAC1600259783 /* CalendarGridView.m in Sources */ = {isa = PBXBuildFile; fileRef = 736CC87B165CAC1600259783 /* CalendarGridView.m */; };
		736CC8A1165CAC1600259783 /* CalendarScrollView.m in Sources */ = {isa = PBXBuildFile; fileRef = 736CC87D165CAC1600259783 /* CalendarScrollView.m */; };
		736CC8A2165CAC1600259783 /* CalendarView.m in Sources */ = {isa = PBXBuildFile; fileRef = 736CC87F165CAC1600259783 /* CalendarView.m */; };
		736CC8A3165CAC1600259783 /* CalendarView.xib in Resources */ = {isa = PBXBuildFile; fileRef = 736CC880165CAC1600259783 /* CalendarView.xib */; };
		736CC8A4165CAC1600259783 /* CalendarViewFooterView.m in Sources */ = {isa = PBXBuildFile; fileRef = 736CC884165CAC1600259783 /* CalendarViewFooterView.m */; };
		736CC8A5165CAC1600259783 /* CalendarViewHeaderView.m in Sources */ = {isa = PBXBuildFile; fileRef = 736CC886165CAC1600259783 /* CalendarViewHeaderView.m */; };
		736CC8A6165CAC1600259783 /* BaseCalendarDisableGridView.m in Sources */ = {isa = PBXBuildFile; fileRef = 736CC88A165CAC1600259783 /* BaseCalendarDisableGridView.m */; };
		736CC8A7165CAC1600259783 /* BaseCalendarDisableGridView.xib in Resources */ = {isa = PBXBuildFile; fileRef = 736CC88B165CAC1600259783 /* BaseCalendarDisableGridView.xib */; };
		736CC8A8165CAC1600259783 /* BaseCalendarGridView.m in Sources */ = {isa = PBXBuildFile; fileRef = 736CC88D165CAC1600259783 /* BaseCalendarGridView.m */; };
		736CC8A9165CAC1600259783 /* BaseCalendarGridView.xib in Resources */ = {isa = PBXBuildFile; fileRef = 736CC88E165CAC1600259783 /* BaseCalendarGridView.xib */; };
		736CC8AA165CAC1600259783 /* BaseCalendarViewFooterView.m in Sources */ = {isa = PBXBuildFile; fileRef = 736CC890165CAC1600259783 /* BaseCalendarViewFooterView.m */; };
		736CC8AB165CAC1600259783 /* BaseCalendarViewFooterView.xib in Resources */ = {isa = PBXBuildFile; fileRef = 736CC891165CAC1600259783 /* BaseCalendarViewFooterView.xib */; };
		736CC8AC165CAC1600259783 /* BaseCalendarViewHeaderView.m in Sources */ = {isa = PBXBuildFile; fileRef = 736CC893165CAC1600259783 /* BaseCalendarViewHeaderView.m */; };
		736CC8AD165CAC1600259783 /* BaseCalendarViewHeaderView.xib in Resources */ = {isa = PBXBuildFile; fileRef = 736CC894165CAC1600259783 /* BaseCalendarViewHeaderView.xib */; };
		736CC8AE165CAC1600259783 /* BaseDataSourceImp.m in Sources */ = {isa = PBXBuildFile; fileRef = 736CC896165CAC1600259783 /* BaseDataSourceImp.m */; };
		736CC8AF165CAC1600259783 /* TrainCalendarDataSourceImp.m in Sources */ = {isa = PBXBuildFile; fileRef = 736CC898165CAC1600259783 /* TrainCalendarDataSourceImp.m */; };
		736CC8B0165CAC1600259783 /* CalDay.m in Sources */ = {isa = PBXBuildFile; fileRef = 736CC89B165CAC1600259783 /* CalDay.m */; };
		736CC8B1165CAC1600259783 /* CalMonth.m in Sources */ = {isa = PBXBuildFile; fileRef = 736CC89D165CAC1600259783 /* CalMonth.m */; };
		736CC8B2165CAC1600259783 /* DateUtil.m in Sources */ = {isa = PBXBuildFile; fileRef = 736CC89F165CAC1600259783 /* DateUtil.m */; };
		E721EA7F15674517009DF710 /* bg_calendar@2x.png in Resources */ = {isa = PBXBuildFile; fileRef = E721EA6515674517009DF710 /* bg_calendar@2x.png */; };
		E721EA8015674517009DF710 /* bg_calendar_footer@2x.png in Resources */ = {isa = PBXBuildFile; fileRef = E721EA6615674517009DF710 /* bg_calendar_footer@2x.png */; };
		E721EA8115674517009DF710 /* bg_calendar_header@2x.png in Resources */ = {isa = PBXBuildFile; fileRef = E721EA6715674517009DF710 /* bg_calendar_header@2x.png */; };
		E721EA8215674517009DF710 /* bg_calendar_week_header@2x.png in Resources */ = {isa = PBXBuildFile; fileRef = E721EA6815674517009DF710 /* bg_calendar_week_header@2x.png */; };
		E721EA8315674517009DF710 /* bg_grid@2x.png in Resources */ = {isa = PBXBuildFile; fileRef = E721EA6915674517009DF710 /* bg_grid@2x.png */; };
		E721EA8415674517009DF710 /* btn_choose_date_left_arrow@2x.png in Resources */ = {isa = PBXBuildFile; fileRef = E721EA6A15674517009DF710 /* btn_choose_date_left_arrow@2x.png */; };
		E721EA8515674517009DF710 /* btn_choose_date_left_arrow_highlight@2x.png in Resources */ = {isa = PBXBuildFile; fileRef = E721EA6B15674517009DF710 /* btn_choose_date_left_arrow_highlight@2x.png */; };
		E721EA8615674517009DF710 /* btn_choose_date_right_arrow@2x.png in Resources */ = {isa = PBXBuildFile; fileRef = E721EA6C15674517009DF710 /* btn_choose_date_right_arrow@2x.png */; };
		E721EA8715674517009DF710 /* btn_choose_date_right_arrow_highlight@2x.png in Resources */ = {isa = PBXBuildFile; fileRef = E721EA6D15674517009DF710 /* btn_choose_date_right_arrow_highlight@2x.png */; };
		E721EA8815674517009DF710 /* btn_choose_departure_date@2x.png in Resources */ = {isa = PBXBuildFile; fileRef = E721EA6E15674517009DF710 /* btn_choose_departure_date@2x.png */; };
		E721EA8915674517009DF710 /* btn_chose_date@2x.png in Resources */ = {isa = PBXBuildFile; fileRef = E721EA6F15674517009DF710 /* btn_chose_date@2x.png */; };
		E721EA8A15674517009DF710 /* btn_chose_date_highlight@2x.png in Resources */ = {isa = PBXBuildFile; fileRef = E721EA7015674517009DF710 /* btn_chose_date_highlight@2x.png */; };
		E721EA8B15674517009DF710 /* btn_close_date@2x.png in Resources */ = {isa = PBXBuildFile; fileRef = E721EA7115674517009DF710 /* btn_close_date@2x.png */; };
		E721EA8C15674517009DF710 /* btn_close_date_hihglight@2x.png in Resources */ = {isa = PBXBuildFile; fileRef = E721EA7215674517009DF710 /* btn_close_date_hihglight@2x.png */; };
		E721EA8D15674517009DF710 /* btn_grid@2x.png in Resources */ = {isa = PBXBuildFile; fileRef = E721EA7315674517009DF710 /* btn_grid@2x.png */; };
		E721EA8E15674517009DF710 /* btn_grid_cell@2x.png in Resources */ = {isa = PBXBuildFile; fileRef = E721EA7415674517009DF710 /* btn_grid_cell@2x.png */; };
		E721EA8F15674517009DF710 /* btn_grid_cell_highlight@2x.png in Resources */ = {isa = PBXBuildFile; fileRef = E721EA7515674517009DF710 /* btn_grid_cell_highlight@2x.png */; };
		E721EA9015674517009DF710 /* btn_grid_cell_selected@2x.png in Resources */ = {isa = PBXBuildFile; fileRef = E721EA7615674517009DF710 /* btn_grid_cell_selected@2x.png */; };
		E721EA9115674517009DF710 /* btn_grid_highlight@2x.png in Resources */ = {isa = PBXBuildFile; fileRef = E721EA7715674517009DF710 /* btn_grid_highlight@2x.png */; };
		E721EA9215674517009DF710 /* btn_grid_selected@2x.png in Resources */ = {isa = PBXBuildFile; fileRef = E721EA7815674517009DF710 /* btn_grid_selected@2x.png */; };
		E721EA9315674517009DF710 /* btn_next_month@2x.png in Resources */ = {isa = PBXBuildFile; fileRef = E721EA7915674517009DF710 /* btn_next_month@2x.png */; };
		E721EA9415674517009DF710 /* btn_next_month_highlight@2x.png in Resources */ = {isa = PBXBuildFile; fileRef = E721EA7A15674517009DF710 /* btn_next_month_highlight@2x.png */; };
		E721EA9515674517009DF710 /* btn_previous_month@2x.png in Resources */ = {isa = PBXBuildFile; fileRef = E721EA7B15674517009DF710 /* btn_previous_month@2x.png */; };
		E721EA9615674517009DF710 /* btn_previous_month_highlight@2x.png in Resources */ = {isa = PBXBuildFile; fileRef = E721EA7C15674517009DF710 /* btn_previous_month_highlight@2x.png */; };
		E721EA9715674517009DF710 /* btn_radio_check_box@2x.png in Resources */ = {isa = PBXBuildFile; fileRef = E721EA7D15674517009DF710 /* btn_radio_check_box@2x.png */; };
		E721EA9815674517009DF710 /* btn_radio_check_box_selected@2x.png in Resources */ = {isa = PBXBuildFile; fileRef = E721EA7E15674517009DF710 /* btn_radio_check_box_selected@2x.png */; };
		E74B7F201536659700315E1A /* UIKit.framework in Frameworks */ = {isa = PBXBuildFile; fileRef = E74B7F1F1536659700315E1A /* UIKit.framework */; };
		E74B7F221536659700315E1A /* Foundation.framework in Frameworks */ = {isa = PBXBuildFile; fileRef = E74B7F211536659700315E1A /* Foundation.framework */; };
		E74B7F241536659700315E1A /* CoreGraphics.framework in Frameworks */ = {isa = PBXBuildFile; fileRef = E74B7F231536659700315E1A /* CoreGraphics.framework */; };
		E74B7F2A1536659700315E1A /* InfoPlist.strings in Resources */ = {isa = PBXBuildFile; fileRef = E74B7F281536659700315E1A /* InfoPlist.strings */; };
		E74B7F2C1536659700315E1A /* main.m in Sources */ = {isa = PBXBuildFile; fileRef = E74B7F2B1536659700315E1A /* main.m */; };
		E74B7F301536659700315E1A /* AppDelegate.m in Sources */ = {isa = PBXBuildFile; fileRef = E74B7F2F1536659700315E1A /* AppDelegate.m */; };
		E74B7F331536659700315E1A /* ViewController.m in Sources */ = {isa = PBXBuildFile; fileRef = E74B7F321536659700315E1A /* ViewController.m */; };
		E74B7F361536659700315E1A /* ViewController.xib in Resources */ = {isa = PBXBuildFile; fileRef = E74B7F341536659700315E1A /* ViewController.xib */; };
		E77EF3CB1537D38B0026DDB5 /* QuartzCore.framework in Frameworks */ = {isa = PBXBuildFile; fileRef = E77EF3CA1537D38B0026DDB5 /* QuartzCore.framework */; };
/* End PBXBuildFile section */

/* Begin PBXFileReference section */
		736CC87A165CAC1600259783 /* CalendarGridView.h */ = {isa = PBXFileReference; fileEncoding = 4; lastKnownFileType = sourcecode.c.h; path = CalendarGridView.h; sourceTree = "<group>"; };
		736CC87B165CAC1600259783 /* CalendarGridView.m */ = {isa = PBXFileReference; fileEncoding = 4; lastKnownFileType = sourcecode.c.objc; path = CalendarGridView.m; sourceTree = "<group>"; };
		736CC87C165CAC1600259783 /* CalendarScrollView.h */ = {isa = PBXFileReference; fileEncoding = 4; lastKnownFileType = sourcecode.c.h; path = CalendarScrollView.h; sourceTree = "<group>"; };
		736CC87D165CAC1600259783 /* CalendarScrollView.m */ = {isa = PBXFileReference; fileEncoding = 4; lastKnownFileType = sourcecode.c.objc; path = CalendarScrollView.m; sourceTree = "<group>"; };
		736CC87E165CAC1600259783 /* CalendarView.h */ = {isa = PBXFileReference; fileEncoding = 4; lastKnownFileType = sourcecode.c.h; path = CalendarView.h; sourceTree = "<group>"; };
		736CC87F165CAC1600259783 /* CalendarView.m */ = {isa = PBXFileReference; fileEncoding = 4; lastKnownFileType = sourcecode.c.objc; path = CalendarView.m; sourceTree = "<group>"; };
		736CC880165CAC1600259783 /* CalendarView.xib */ = {isa = PBXFileReference; fileEncoding = 4; lastKnownFileType = file.xib; path = CalendarView.xib; sourceTree = "<group>"; };
		736CC881165CAC1600259783 /* CalendarViewDataSource.h */ = {isa = PBXFileReference; fileEncoding = 4; lastKnownFileType = sourcecode.c.h; path = CalendarViewDataSource.h; sourceTree = "<group>"; };
		736CC882165CAC1600259783 /* CalendarViewDelegate.h */ = {isa = PBXFileReference; fileEncoding = 4; lastKnownFileType = sourcecode.c.h; path = CalendarViewDelegate.h; sourceTree = "<group>"; };
		736CC883165CAC1600259783 /* CalendarViewFooterView.h */ = {isa = PBXFileReference; fileEncoding = 4; lastKnownFileType = sourcecode.c.h; path = CalendarViewFooterView.h; sourceTree = "<group>"; };
		736CC884165CAC1600259783 /* CalendarViewFooterView.m */ = {isa = PBXFileReference; fileEncoding = 4; lastKnownFileType = sourcecode.c.objc; path = CalendarViewFooterView.m; sourceTree = "<group>"; };
		736CC885165CAC1600259783 /* CalendarViewHeaderView.h */ = {isa = PBXFileReference; fileEncoding = 4; lastKnownFileType = sourcecode.c.h; path = CalendarViewHeaderView.h; sourceTree = "<group>"; };
		736CC886165CAC1600259783 /* CalendarViewHeaderView.m */ = {isa = PBXFileReference; fileEncoding = 4; lastKnownFileType = sourcecode.c.objc; path = CalendarViewHeaderView.m; sourceTree = "<group>"; };
		736CC887165CAC1600259783 /* Enum.h */ = {isa = PBXFileReference; fileEncoding = 4; lastKnownFileType = sourcecode.c.h; path = Enum.h; sourceTree = "<group>"; };
		736CC889165CAC1600259783 /* BaseCalendarDisableGridView.h */ = {isa = PBXFileReference; fileEncoding = 4; lastKnownFileType = sourcecode.c.h; path = BaseCalendarDisableGridView.h; sourceTree = "<group>"; };
		736CC88A165CAC1600259783 /* BaseCalendarDisableGridView.m */ = {isa = PBXFileReference; fileEncoding = 4; lastKnownFileType = sourcecode.c.objc; path = BaseCalendarDisableGridView.m; sourceTree = "<group>"; };
		736CC88B165CAC1600259783 /* BaseCalendarDisableGridView.xib */ = {isa = PBXFileReference; fileEncoding = 4; lastKnownFileType = file.xib; path = BaseCalendarDisableGridView.xib; sourceTree = "<group>"; };
		736CC88C165CAC1600259783 /* BaseCalendarGridView.h */ = {isa = PBXFileReference; fileEncoding = 4; lastKnownFileType = sourcecode.c.h; path = BaseCalendarGridView.h; sourceTree = "<group>"; };
		736CC88D165CAC1600259783 /* BaseCalendarGridView.m */ = {isa = PBXFileReference; fileEncoding = 4; lastKnownFileType = sourcecode.c.objc; path = BaseCalendarGridView.m; sourceTree = "<group>"; };
		736CC88E165CAC1600259783 /* BaseCalendarGridView.xib */ = {isa = PBXFileReference; fileEncoding = 4; lastKnownFileType = file.xib; path = BaseCalendarGridView.xib; sourceTree = "<group>"; };
		736CC88F165CAC1600259783 /* BaseCalendarViewFooterView.h */ = {isa = PBXFileReference; fileEncoding = 4; lastKnownFileType = sourcecode.c.h; path = BaseCalendarViewFooterView.h; sourceTree = "<group>"; };
		736CC890165CAC1600259783 /* BaseCalendarViewFooterView.m */ = {isa = PBXFileReference; fileEncoding = 4; lastKnownFileType = sourcecode.c.objc; path = BaseCalendarViewFooterView.m; sourceTree = "<group>"; };
		736CC891165CAC1600259783 /* BaseCalendarViewFooterView.xib */ = {isa = PBXFileReference; fileEncoding = 4; lastKnownFileType = file.xib; path = BaseCalendarViewFooterView.xib; sourceTree = "<group>"; };
		736CC892165CAC1600259783 /* BaseCalendarViewHeaderView.h */ = {isa = PBXFileReference; fileEncoding = 4; lastKnownFileType = sourcecode.c.h; path = BaseCalendarViewHeaderView.h; sourceTree = "<group>"; };
		736CC893165CAC1600259783 /* BaseCalendarViewHeaderView.m */ = {isa = PBXFileReference; fileEncoding = 4; lastKnownFileType = sourcecode.c.objc; path = BaseCalendarViewHeaderView.m; sourceTree = "<group>"; };
		736CC894165CAC1600259783 /* BaseCalendarViewHeaderView.xib */ = {isa = PBXFileReference; fileEncoding = 4; lastKnownFileType = file.xib; path = BaseCalendarViewHeaderView.xib; sourceTree = "<group>"; };
		736CC895165CAC1600259783 /* BaseDataSourceImp.h */ = {isa = PBXFileReference; fileEncoding = 4; lastKnownFileType = sourcecode.c.h; path = BaseDataSourceImp.h; sourceTree = "<group>"; };
		736CC896165CAC1600259783 /* BaseDataSourceImp.m */ = {isa = PBXFileReference; fileEncoding = 4; lastKnownFileType = sourcecode.c.objc; path = BaseDataSourceImp.m; sourceTree = "<group>"; };
		736CC897165CAC1600259783 /* TrainCalendarDataSourceImp.h */ = {isa = PBXFileReference; fileEncoding = 4; lastKnownFileType = sourcecode.c.h; path = TrainCalendarDataSourceImp.h; sourceTree = "<group>"; };
		736CC898165CAC1600259783 /* TrainCalendarDataSourceImp.m */ = {isa = PBXFileReference; fileEncoding = 4; lastKnownFileType = sourcecode.c.objc; path = TrainCalendarDataSourceImp.m; sourceTree = "<group>"; };
		736CC89A165CAC1600259783 /* CalDay.h */ = {isa = PBXFileReference; fileEncoding = 4; lastKnownFileType = sourcecode.c.h; path = CalDay.h; sourceTree = "<group>"; };
		736CC89B165CAC1600259783 /* CalDay.m */ = {isa = PBXFileReference; fileEncoding = 4; lastKnownFileType = sourcecode.c.objc; path = CalDay.m; sourceTree = "<group>"; };
		736CC89C165CAC1600259783 /* CalMonth.h */ = {isa = PBXFileReference; fileEncoding = 4; lastKnownFileType = sourcecode.c.h; path = CalMonth.h; sourceTree = "<group>"; };
		736CC89D165CAC1600259783 /* CalMonth.m */ = {isa = PBXFileReference; fileEncoding = 4; lastKnownFileType = sourcecode.c.objc; path = CalMonth.m; sourceTree = "<group>"; };
		736CC89E165CAC1600259783 /* DateUtil.h */ = {isa = PBXFileReference; fileEncoding = 4; lastKnownFileType = sourcecode.c.h; path = DateUtil.h; sourceTree = "<group>"; };
		736CC89F165CAC1600259783 /* DateUtil.m */ = {isa = PBXFileReference; fileEncoding = 4; lastKnownFileType = sourcecode.c.objc; path = DateUtil.m; sourceTree = "<group>"; };
		E721EA6515674517009DF710 /* bg_calendar@2x.png */ = {isa = PBXFileReference; lastKnownFileType = image.png; path = "bg_calendar@2x.png"; sourceTree = "<group>"; };
		E721EA6615674517009DF710 /* bg_calendar_footer@2x.png */ = {isa = PBXFileReference; lastKnownFileType = image.png; path = "bg_calendar_footer@2x.png"; sourceTree = "<group>"; };
		E721EA6715674517009DF710 /* bg_calendar_header@2x.png */ = {isa = PBXFileReference; lastKnownFileType = image.png; path = "bg_calendar_header@2x.png"; sourceTree = "<group>"; };
		E721EA6815674517009DF710 /* bg_calendar_week_header@2x.png */ = {isa = PBXFileReference; lastKnownFileType = image.png; path = "bg_calendar_week_header@2x.png"; sourceTree = "<group>"; };
		E721EA6915674517009DF710 /* bg_grid@2x.png */ = {isa = PBXFileReference; lastKnownFileType = image.png; path = "bg_grid@2x.png"; sourceTree = "<group>"; };
		E721EA6A15674517009DF710 /* btn_choose_date_left_arrow@2x.png */ = {isa = PBXFileReference; lastKnownFileType = image.png; path = "btn_choose_date_left_arrow@2x.png"; sourceTree = "<group>"; };
		E721EA6B15674517009DF710 /* btn_choose_date_left_arrow_highlight@2x.png */ = {isa = PBXFileReference; lastKnownFileType = image.png; path = "btn_choose_date_left_arrow_highlight@2x.png"; sourceTree = "<group>"; };
		E721EA6C15674517009DF710 /* btn_choose_date_right_arrow@2x.png */ = {isa = PBXFileReference; lastKnownFileType = image.png; path = "btn_choose_date_right_arrow@2x.png"; sourceTree = "<group>"; };
		E721EA6D15674517009DF710 /* btn_choose_date_right_arrow_highlight@2x.png */ = {isa = PBXFileReference; lastKnownFileType = image.png; path = "btn_choose_date_right_arrow_highlight@2x.png"; sourceTree = "<group>"; };
		E721EA6E15674517009DF710 /* btn_choose_departure_date@2x.png */ = {isa = PBXFileReference; lastKnownFileType = image.png; path = "btn_choose_departure_date@2x.png"; sourceTree = "<group>"; };
		E721EA6F15674517009DF710 /* btn_chose_date@2x.png */ = {isa = PBXFileReference; lastKnownFileType = image.png; path = "btn_chose_date@2x.png"; sourceTree = "<group>"; };
		E721EA7015674517009DF710 /* btn_chose_date_highlight@2x.png */ = {isa = PBXFileReference; lastKnownFileType = image.png; path = "btn_chose_date_highlight@2x.png"; sourceTree = "<group>"; };
		E721EA7115674517009DF710 /* btn_close_date@2x.png */ = {isa = PBXFileReference; lastKnownFileType = image.png; path = "btn_close_date@2x.png"; sourceTree = "<group>"; };
		E721EA7215674517009DF710 /* btn_close_date_hihglight@2x.png */ = {isa = PBXFileReference; lastKnownFileType = image.png; path = "btn_close_date_hihglight@2x.png"; sourceTree = "<group>"; };
		E721EA7315674517009DF710 /* btn_grid@2x.png */ = {isa = PBXFileReference; lastKnownFileType = image.png; path = "btn_grid@2x.png"; sourceTree = "<group>"; };
		E721EA7415674517009DF710 /* btn_grid_cell@2x.png */ = {isa = PBXFileReference; lastKnownFileType = image.png; path = "btn_grid_cell@2x.png"; sourceTree = "<group>"; };
		E721EA7515674517009DF710 /* btn_grid_cell_highlight@2x.png */ = {isa = PBXFileReference; lastKnownFileType = image.png; path = "btn_grid_cell_highlight@2x.png"; sourceTree = "<group>"; };
		E721EA7615674517009DF710 /* btn_grid_cell_selected@2x.png */ = {isa = PBXFileReference; lastKnownFileType = image.png; path = "btn_grid_cell_selected@2x.png"; sourceTree = "<group>"; };
		E721EA7715674517009DF710 /* btn_grid_highlight@2x.png */ = {isa = PBXFileReference; lastKnownFileType = image.png; path = "btn_grid_highlight@2x.png"; sourceTree = "<group>"; };
		E721EA7815674517009DF710 /* btn_grid_selected@2x.png */ = {isa = PBXFileReference; lastKnownFileType = image.png; path = "btn_grid_selected@2x.png"; sourceTree = "<group>"; };
		E721EA7915674517009DF710 /* btn_next_month@2x.png */ = {isa = PBXFileReference; lastKnownFileType = image.png; path = "btn_next_month@2x.png"; sourceTree = "<group>"; };
		E721EA7A15674517009DF710 /* btn_next_month_highlight@2x.png */ = {isa = PBXFileReference; lastKnownFileType = image.png; path = "btn_next_month_highlight@2x.png"; sourceTree = "<group>"; };
		E721EA7B15674517009DF710 /* btn_previous_month@2x.png */ = {isa = PBXFileReference; lastKnownFileType = image.png; path = "btn_previous_month@2x.png"; sourceTree = "<group>"; };
		E721EA7C15674517009DF710 /* btn_previous_month_highlight@2x.png */ = {isa = PBXFileReference; lastKnownFileType = image.png; path = "btn_previous_month_highlight@2x.png"; sourceTree = "<group>"; };
		E721EA7D15674517009DF710 /* btn_radio_check_box@2x.png */ = {isa = PBXFileReference; lastKnownFileType = image.png; path = "btn_radio_check_box@2x.png"; sourceTree = "<group>"; };
		E721EA7E15674517009DF710 /* btn_radio_check_box_selected@2x.png */ = {isa = PBXFileReference; lastKnownFileType = image.png; path = "btn_radio_check_box_selected@2x.png"; sourceTree = "<group>"; };
		E74B7F1B1536659700315E1A /* ZHJCalendar.app */ = {isa = PBXFileReference; explicitFileType = wrapper.application; includeInIndex = 0; path = ZHJCalendar.app; sourceTree = BUILT_PRODUCTS_DIR; };
		E74B7F1F1536659700315E1A /* UIKit.framework */ = {isa = PBXFileReference; lastKnownFileType = wrapper.framework; name = UIKit.framework; path = System/Library/Frameworks/UIKit.framework; sourceTree = SDKROOT; };
		E74B7F211536659700315E1A /* Foundation.framework */ = {isa = PBXFileReference; lastKnownFileType = wrapper.framework; name = Foundation.framework; path = System/Library/Frameworks/Foundation.framework; sourceTree = SDKROOT; };
		E74B7F231536659700315E1A /* CoreGraphics.framework */ = {isa = PBXFileReference; lastKnownFileType = wrapper.framework; name = CoreGraphics.framework; path = System/Library/Frameworks/CoreGraphics.framework; sourceTree = SDKROOT; };
		E74B7F271536659700315E1A /* ZHJCalendar-Info.plist */ = {isa = PBXFileReference; lastKnownFileType = text.plist.xml; path = "ZHJCalendar-Info.plist"; sourceTree = "<group>"; };
		E74B7F291536659700315E1A /* en */ = {isa = PBXFileReference; lastKnownFileType = text.plist.strings; name = en; path = en.lproj/InfoPlist.strings; sourceTree = "<group>"; };
		E74B7F2B1536659700315E1A /* main.m */ = {isa = PBXFileReference; lastKnownFileType = sourcecode.c.objc; path = main.m; sourceTree = "<group>"; };
		E74B7F2D1536659700315E1A /* ZHJCalendar-Prefix.pch */ = {isa = PBXFileReference; lastKnownFileType = sourcecode.c.h; path = "ZHJCalendar-Prefix.pch"; sourceTree = "<group>"; };
		E74B7F2E1536659700315E1A /* AppDelegate.h */ = {isa = PBXFileReference; lastKnownFileType = sourcecode.c.h; path = AppDelegate.h; sourceTree = "<group>"; };
		E74B7F2F1536659700315E1A /* AppDelegate.m */ = {isa = PBXFileReference; lastKnownFileType = sourcecode.c.objc; path = AppDelegate.m; sourceTree = "<group>"; };
		E74B7F311536659700315E1A /* ViewController.h */ = {isa = PBXFileReference; lastKnownFileType = sourcecode.c.h; path = ViewController.h; sourceTree = "<group>"; };
		E74B7F321536659700315E1A /* ViewController.m */ = {isa = PBXFileReference; lastKnownFileType = sourcecode.c.objc; path = ViewController.m; sourceTree = "<group>"; };
		E74B7F351536659700315E1A /* en */ = {isa = PBXFileReference; lastKnownFileType = file.xib; name = en; path = en.lproj/ViewController.xib; sourceTree = "<group>"; };
		E74B7F4315366BB700315E1A /* ITTDebug.h */ = {isa = PBXFileReference; lastKnownFileType = sourcecode.c.h; path = ITTDebug.h; sourceTree = "<group>"; };
		E77EF3CA1537D38B0026DDB5 /* QuartzCore.framework */ = {isa = PBXFileReference; lastKnownFileType = wrapper.framework; name = QuartzCore.framework; path = System/Library/Frameworks/QuartzCore.framework; sourceTree = SDKROOT; };
/* End PBXFileReference section */

/* Begin PBXFrameworksBuildPhase section */
		E74B7F181536659700315E1A /* Frameworks */ = {
			isa = PBXFrameworksBuildPhase;
			buildActionMask = 2147483647;
			files = (
				E77EF3CB1537D38B0026DDB5 /* QuartzCore.framework in Frameworks */,
				E74B7F201536659700315E1A /* UIKit.framework in Frameworks */,
				E74B7F221536659700315E1A /* Foundation.framework in Frameworks */,
				E74B7F241536659700315E1A /* CoreGraphics.framework in Frameworks */,
			);
			runOnlyForDeploymentPostprocessing = 0;
		};
/* End PBXFrameworksBuildPhase section */

/* Begin PBXGroup section */
		736CC878165CAC1600259783 /* ZHJCalendar */ = {
			isa = PBXGroup;
			children = (
				736CC879165CAC1600259783 /* Core */,
				736CC888165CAC1600259783 /* Imp */,
				736CC899165CAC1600259783 /* Model */,
			);
			path = ZHJCalendar;
			sourceTree = "<group>";
		};
		736CC879165CAC1600259783 /* Core */ = {
			isa = PBXGroup;
			children = (
				736CC87A165CAC1600259783 /* CalendarGridView.h */,
				736CC87B165CAC1600259783 /* CalendarGridView.m */,
				736CC87C165CAC1600259783 /* CalendarScrollView.h */,
				736CC87D165CAC1600259783 /* CalendarScrollView.m */,
				736CC87E165CAC1600259783 /* CalendarView.h */,
				736CC87F165CAC1600259783 /* CalendarView.m */,
				736CC880165CAC1600259783 /* CalendarView.xib */,
				736CC881165CAC1600259783 /* CalendarViewDataSource.h */,
				736CC882165CAC1600259783 /* CalendarViewDelegate.h */,
				736CC883165CAC1600259783 /* CalendarViewFooterView.h */,
				736CC884165CAC1600259783 /* CalendarViewFooterView.m */,
				736CC885165CAC1600259783 /* CalendarViewHeaderView.h */,
				736CC886165CAC1600259783 /* CalendarViewHeaderView.m */,
				736CC887165CAC1600259783 /* Enum.h */,
			);
			path = Core;
			sourceTree = "<group>";
		};
		736CC888165CAC1600259783 /* Imp */ = {
			isa = PBXGroup;
			children = (
				736CC889165CAC1600259783 /* BaseCalendarDisableGridView.h */,
				736CC88A165CAC1600259783 /* BaseCalendarDisableGridView.m */,
				736CC88B165CAC1600259783 /* BaseCalendarDisableGridView.xib */,
				736CC88C165CAC1600259783 /* BaseCalendarGridView.h */,
				736CC88D165CAC1600259783 /* BaseCalendarGridView.m */,
				736CC88E165CAC1600259783 /* BaseCalendarGridView.xib */,
				736CC88F165CAC1600259783 /* BaseCalendarViewFooterView.h */,
				736CC890165CAC1600259783 /* BaseCalendarViewFooterView.m */,
				736CC891165CAC1600259783 /* BaseCalendarViewFooterView.xib */,
				736CC892165CAC1600259783 /* BaseCalendarViewHeaderView.h */,
				736CC893165CAC1600259783 /* BaseCalendarViewHeaderView.m */,
				736CC894165CAC1600259783 /* BaseCalendarViewHeaderView.xib */,
				736CC895165CAC1600259783 /* BaseDataSourceImp.h */,
				736CC896165CAC1600259783 /* BaseDataSourceImp.m */,
				736CC897165CAC1600259783 /* TrainCalendarDataSourceImp.h */,
				736CC898165CAC1600259783 /* TrainCalendarDataSourceImp.m */,
			);
			path = Imp;
			sourceTree = "<group>";
		};
		736CC899165CAC1600259783 /* Model */ = {
			isa = PBXGroup;
			children = (
				736CC89A165CAC1600259783 /* CalDay.h */,
				736CC89B165CAC1600259783 /* CalDay.m */,
				736CC89C165CAC1600259783 /* CalMonth.h */,
				736CC89D165CAC1600259783 /* CalMonth.m */,
				736CC89E165CAC1600259783 /* DateUtil.h */,
				736CC89F165CAC1600259783 /* DateUtil.m */,
			);
			path = Model;
			sourceTree = "<group>";
		};
		E721EA6415674517009DF710 /* Images */ = {
			isa = PBXGroup;
			children = (
				E721EA6515674517009DF710 /* bg_calendar@2x.png */,
				E721EA6615674517009DF710 /* bg_calendar_footer@2x.png */,
				E721EA6715674517009DF710 /* bg_calendar_header@2x.png */,
				E721EA6815674517009DF710 /* bg_calendar_week_header@2x.png */,
				E721EA6915674517009DF710 /* bg_grid@2x.png */,
				E721EA6A15674517009DF710 /* btn_choose_date_left_arrow@2x.png */,
				E721EA6B15674517009DF710 /* btn_choose_date_left_arrow_highlight@2x.png */,
				E721EA6C15674517009DF710 /* btn_choose_date_right_arrow@2x.png */,
				E721EA6D15674517009DF710 /* btn_choose_date_right_arrow_highlight@2x.png */,
				E721EA6E15674517009DF710 /* btn_choose_departure_date@2x.png */,
				E721EA6F15674517009DF710 /* btn_chose_date@2x.png */,
				E721EA7015674517009DF710 /* btn_chose_date_highlight@2x.png */,
				E721EA7115674517009DF710 /* btn_close_date@2x.png */,
				E721EA7215674517009DF710 /* btn_close_date_hihglight@2x.png */,
				E721EA7315674517009DF710 /* btn_grid@2x.png */,
				E721EA7415674517009DF710 /* btn_grid_cell@2x.png */,
				E721EA7515674517009DF710 /* btn_grid_cell_highlight@2x.png */,
				E721EA7615674517009DF710 /* btn_grid_cell_selected@2x.png */,
				E721EA7715674517009DF710 /* btn_grid_highlight@2x.png */,
				E721EA7815674517009DF710 /* btn_grid_selected@2x.png */,
				E721EA7915674517009DF710 /* btn_next_month@2x.png */,
				E721EA7A15674517009DF710 /* btn_next_month_highlight@2x.png */,
				E721EA7B15674517009DF710 /* btn_previous_month@2x.png */,
				E721EA7C15674517009DF710 /* btn_previous_month_highlight@2x.png */,
				E721EA7D15674517009DF710 /* btn_radio_check_box@2x.png */,
				E721EA7E15674517009DF710 /* btn_radio_check_box_selected@2x.png */,
			);
			path = Images;
			sourceTree = "<group>";
		};
		E74B7F101536659600315E1A = {
			isa = PBXGroup;
			children = (
				E74B7F251536659700315E1A /* ZHJCalendar */,
				E74B7F1E1536659700315E1A /* Frameworks */,
				E74B7F1C1536659700315E1A /* Products */,
			);
			sourceTree = "<group>";
		};
		E74B7F1C1536659700315E1A /* Products */ = {
			isa = PBXGroup;
			children = (
				E74B7F1B1536659700315E1A /* ZHJCalendar.app */,
			);
			name = Products;
			sourceTree = "<group>";
		};
		E74B7F1E1536659700315E1A /* Frameworks */ = {
			isa = PBXGroup;
			children = (
				E77EF3CA1537D38B0026DDB5 /* QuartzCore.framework */,
				E74B7F1F1536659700315E1A /* UIKit.framework */,
				E74B7F211536659700315E1A /* Foundation.framework */,
				E74B7F231536659700315E1A /* CoreGraphics.framework */,
			);
			name = Frameworks;
			sourceTree = "<group>";
		};
		E74B7F251536659700315E1A /* ZHJCalendar */ = {
			isa = PBXGroup;
			children = (
				736CC878165CAC1600259783 /* ZHJCalendar */,
				E74B7F4315366BB700315E1A /* ITTDebug.h */,
				E74B7F2E1536659700315E1A /* AppDelegate.h */,
				E74B7F2F1536659700315E1A /* AppDelegate.m */,
				E74B7F311536659700315E1A /* ViewController.h */,
				E74B7F321536659700315E1A /* ViewController.m */,
				E74B7F341536659700315E1A /* ViewController.xib */,
				E74B7F261536659700315E1A /* Supporting Files */,
			);
			path = ZHJCalendar;
			sourceTree = "<group>";
		};
		E74B7F261536659700315E1A /* Supporting Files */ = {
			isa = PBXGroup;
			children = (
				E721EA6415674517009DF710 /* Images */,
				E74B7F271536659700315E1A /* ZHJCalendar-Info.plist */,
				E74B7F281536659700315E1A /* InfoPlist.strings */,
				E74B7F2B1536659700315E1A /* main.m */,
				E74B7F2D1536659700315E1A /* ZHJCalendar-Prefix.pch */,
			);
			name = "Supporting Files";
			sourceTree = "<group>";
		};
/* End PBXGroup section */

/* Begin PBXNativeTarget section */
		E74B7F1A1536659700315E1A /* ZHJCalendar */ = {
			isa = PBXNativeTarget;
			buildConfigurationList = E74B7F391536659700315E1A /* Build configuration list for PBXNativeTarget "ZHJCalendar" */;
			buildPhases = (
				E74B7F171536659700315E1A /* Sources */,
				E74B7F181536659700315E1A /* Frameworks */,
				E74B7F191536659700315E1A /* Resources */,
			);
			buildRules = (
			);
			dependencies = (
			);
			name = ZHJCalendar;
			productName = ZHJCalendar;
			productReference = E74B7F1B1536659700315E1A /* ZHJCalendar.app */;
			productType = "com.apple.product-type.application";
		};
/* End PBXNativeTarget section */

/* Begin PBXProject section */
		E74B7F121536659600315E1A /* Project object */ = {
			isa = PBXProject;
			attributes = {
				LastUpgradeCheck = 0430;
				ORGANIZATIONNAME = itotemstudio;
			};
			buildConfigurationList = E74B7F151536659600315E1A /* Build configuration list for PBXProject "ZHJCalendar" */;
			compatibilityVersion = "Xcode 3.2";
			developmentRegion = English;
			hasScannedForEncodings = 0;
			knownRegions = (
				en,
			);
			mainGroup = E74B7F101536659600315E1A;
			productRefGroup = E74B7F1C1536659700315E1A /* Products */;
			projectDirPath = "";
			projectRoot = "";
			targets = (
				E74B7F1A1536659700315E1A /* ZHJCalendar */,
			);
		};
/* End PBXProject section */

/* Begin PBXResourcesBuildPhase section */
		E74B7F191536659700315E1A /* Resources */ = {
			isa = PBXResourcesBuildPhase;
			buildActionMask = 2147483647;
			files = (
				E74B7F2A1536659700315E1A /* InfoPlist.strings in Resources */,
				E74B7F361536659700315E1A /* ViewController.xib in Resources */,
				E721EA7F15674517009DF710 /* bg_calendar@2x.png in Resources */,
				E721EA8015674517009DF710 /* bg_calendar_footer@2x.png in Resources */,
				E721EA8115674517009DF710 /* bg_calendar_header@2x.png in Resources */,
				E721EA8215674517009DF710 /* bg_calendar_week_header@2x.png in Resources */,
				E721EA8315674517009DF710 /* bg_grid@2x.png in Resources */,
				E721EA8415674517009DF710 /* btn_choose_date_left_arrow@2x.png in Resources */,
				E721EA8515674517009DF710 /* btn_choose_date_left_arrow_highlight@2x.png in Resources */,
				E721EA8615674517009DF710 /* btn_choose_date_right_arrow@2x.png in Resources */,
				E721EA8715674517009DF710 /* btn_choose_date_right_arrow_highlight@2x.png in Resources */,
				E721EA8815674517009DF710 /* btn_choose_departure_date@2x.png in Resources */,
				E721EA8915674517009DF710 /* btn_chose_date@2x.png in Resources */,
				E721EA8A15674517009DF710 /* btn_chose_date_highlight@2x.png in Resources */,
				E721EA8B15674517009DF710 /* btn_close_date@2x.png in Resources */,
				E721EA8C15674517009DF710 /* btn_close_date_hihglight@2x.png in Resources */,
				E721EA8D15674517009DF710 /* btn_grid@2x.png in Resources */,
				E721EA8E15674517009DF710 /* btn_grid_cell@2x.png in Resources */,
				E721EA8F15674517009DF710 /* btn_grid_cell_highlight@2x.png in Resources */,
				E721EA9015674517009DF710 /* btn_grid_cell_selected@2x.png in Resources */,
				E721EA9115674517009DF710 /* btn_grid_highlight@2x.png in Resources */,
				E721EA9215674517009DF710 /* btn_grid_selected@2x.png in Resources */,
				E721EA9315674517009DF710 /* btn_next_month@2x.png in Resources */,
				E721EA9415674517009DF710 /* btn_next_month_highlight@2x.png in Resources */,
				E721EA9515674517009DF710 /* btn_previous_month@2x.png in Resources */,
				E721EA9615674517009DF710 /* btn_previous_month_highlight@2x.png in Resources */,
				E721EA9715674517009DF710 /* btn_radio_check_box@2x.png in Resources */,
				E721EA9815674517009DF710 /* btn_radio_check_box_selected@2x.png in Resources */,
				736CC8A3165CAC1600259783 /* CalendarView.xib in Resources */,
				736CC8A7165CAC1600259783 /* BaseCalendarDisableGridView.xib in Resources */,
				736CC8A9165CAC1600259783 /* BaseCalendarGridView.xib in Resources */,
				736CC8AB165CAC1600259783 /* BaseCalendarViewFooterView.xib in Resources */,
				736CC8AD165CAC1600259783 /* BaseCalendarViewHeaderView.xib in Resources */,
			);
			runOnlyForDeploymentPostprocessing = 0;
		};
/* End PBXResourcesBuildPhase section */

/* Begin PBXSourcesBuildPhase section */
		E74B7F171536659700315E1A /* Sources */ = {
			isa = PBXSourcesBuildPhase;
			buildActionMask = 2147483647;
			files = (
				E74B7F2C1536659700315E1A /* main.m in Sources */,
				E74B7F301536659700315E1A /* AppDelegate.m in Sources */,
				E74B7F331536659700315E1A /* ViewController.m in Sources */,
				736CC8A0165CAC1600259783 /* CalendarGridView.m in Sources */,
				736CC8A1165CAC1600259783 /* CalendarScrollView.m in Sources */,
				736CC8A2165CAC1600259783 /* CalendarView.m in Sources */,
				736CC8A4165CAC1600259783 /* CalendarViewFooterView.m in Sources */,
				736CC8A5165CAC1600259783 /* CalendarViewHeaderView.m in Sources */,
				736CC8A6165CAC1600259783 /* BaseCalendarDisableGridView.m in Sources */,
				736CC8A8165CAC1600259783 /* BaseCalendarGridView.m in Sources */,
				736CC8AA165CAC1600259783 /* BaseCalendarViewFooterView.m in Sources */,
				736CC8AC165CAC1600259783 /* BaseCalendarViewHeaderView.m in Sources */,
				736CC8AE165CAC1600259783 /* BaseDataSourceImp.m in Sources */,
				736CC8AF165CAC1600259783 /* TrainCalendarDataSourceImp.m in Sources */,
				736CC8B0165CAC1600259783 /* CalDay.m in Sources */,
				736CC8B1165CAC1600259783 /* CalMonth.m in Sources */,
				736CC8B2165CAC1600259783 /* DateUtil.m in Sources */,
			);
			runOnlyForDeploymentPostprocessing = 0;
		};
/* End PBXSourcesBuildPhase section */

/* Begin PBXVariantGroup section */
		E74B7F281536659700315E1A /* InfoPlist.strings */ = {
			isa = PBXVariantGroup;
			children = (
				E74B7F291536659700315E1A /* en */,
			);
			name = InfoPlist.strings;
			sourceTree = "<group>";
		};
		E74B7F341536659700315E1A /* ViewController.xib */ = {
			isa = PBXVariantGroup;
			children = (
				E74B7F351536659700315E1A /* en */,
			);
			name = ViewController.xib;
			sourceTree = "<group>";
		};
/* End PBXVariantGroup section */

/* Begin XCBuildConfiguration section */
		E74B7F371536659700315E1A /* Debug */ = {
			isa = XCBuildConfiguration;
			buildSettings = {
				ALWAYS_SEARCH_USER_PATHS = NO;
				ARCHS = "$(ARCHS_STANDARD_32_BIT)";
				"CODE_SIGN_IDENTITY[sdk=iphoneos*]" = "iPhone Developer: Scott Lee (DAJ23Z84KU)";
				COPY_PHASE_STRIP = NO;
				GCC_C_LANGUAGE_STANDARD = gnu99;
				GCC_DYNAMIC_NO_PIC = NO;
				GCC_OPTIMIZATION_LEVEL = 0;
				GCC_PREPROCESSOR_DEFINITIONS = (
					"DEBUG=1",
					"$(inherited)",
				);
				GCC_SYMBOLS_PRIVATE_EXTERN = NO;
				GCC_VERSION = com.apple.compilers.llvm.clang.1_0;
				GCC_WARN_ABOUT_RETURN_TYPE = YES;
				GCC_WARN_UNINITIALIZED_AUTOS = YES;
				GCC_WARN_UNUSED_VARIABLE = YES;
				IPHONEOS_DEPLOYMENT_TARGET = 5.1;
				"PROVISIONING_PROFILE[sdk=iphoneos*]" = "41ACC2B2-C355-4ACB-B2D3-7B59A5E1EAC8";
				SDKROOT = iphoneos;
			};
			name = Debug;
		};
		E74B7F381536659700315E1A /* Release */ = {
			isa = XCBuildConfiguration;
			buildSettings = {
				ALWAYS_SEARCH_USER_PATHS = NO;
				ARCHS = "$(ARCHS_STANDARD_32_BIT)";
				"CODE_SIGN_IDENTITY[sdk=iphoneos*]" = "iPhone Developer";
				COPY_PHASE_STRIP = YES;
				GCC_C_LANGUAGE_STANDARD = gnu99;
				GCC_VERSION = com.apple.compilers.llvm.clang.1_0;
				GCC_WARN_ABOUT_RETURN_TYPE = YES;
				GCC_WARN_UNINITIALIZED_AUTOS = YES;
				GCC_WARN_UNUSED_VARIABLE = YES;
				IPHONEOS_DEPLOYMENT_TARGET = 5.1;
				OTHER_CFLAGS = "-DNS_BLOCK_ASSERTIONS=1";
				SDKROOT = iphoneos;
				VALIDATE_PRODUCT = YES;
			};
			name = Release;
		};
		E74B7F3A1536659700315E1A /* Debug */ = {
			isa = XCBuildConfiguration;
			buildSettings = {
				CLANG_ENABLE_OBJC_ARC = YES;
				"CODE_SIGN_IDENTITY[sdk=iphoneos*]" = "iPhone Developer";
				GCC_PRECOMPILE_PREFIX_HEADER = YES;
				GCC_PREFIX_HEADER = "ZHJCalendar/ZHJCalendar-Prefix.pch";
				INFOPLIST_FILE = "ZHJCalendar/ZHJCalendar-Info.plist";
				IPHONEOS_DEPLOYMENT_TARGET = 4.0;
				ONLY_ACTIVE_ARCH = YES;
				PRODUCT_NAME = "$(TARGET_NAME)";
				"PROVISIONING_PROFILE[sdk=iphoneos*]" = "";
				WRAPPER_EXTENSION = app;
			};
			name = Debug;
		};
		E74B7F3B1536659700315E1A /* Release */ = {
			isa = XCBuildConfiguration;
			buildSettings = {
				CLANG_ENABLE_OBJC_ARC = YES;
				GCC_PRECOMPILE_PREFIX_HEADER = YES;
				GCC_PREFIX_HEADER = "ZHJCalendar/ZHJCalendar-Prefix.pch";
				INFOPLIST_FILE = "ZHJCalendar/ZHJCalendar-Info.plist";
				IPHONEOS_DEPLOYMENT_TARGET = 4.0;
				ONLY_ACTIVE_ARCH = YES;
				PRODUCT_NAME = "$(TARGET_NAME)";
				WRAPPER_EXTENSION = app;
			};
			name = Release;
		};
/* End XCBuildConfiguration section */

/* Begin XCConfigurationList section */
		E74B7F151536659600315E1A /* Build configuration list for PBXProject "ZHJCalendar" */ = {
			isa = XCConfigurationList;
			buildConfigurations = (
				E74B7F371536659700315E1A /* Debug */,
				E74B7F381536659700315E1A /* Release */,
			);
			defaultConfigurationIsVisible = 0;
			defaultConfigurationName = Release;
		};
		E74B7F391536659700315E1A /* Build configuration list for PBXNativeTarget "ZHJCalendar" */ = {
			isa = XCConfigurationList;
			buildConfigurations = (
				E74B7F3A1536659700315E1A /* Debug */,
				E74B7F3B1536659700315E1A /* Release */,
			);
			defaultConfigurationIsVisible = 0;
			defaultConfigurationName = Release;
		};
/* End XCConfigurationList section */
	};
	rootObject = E74B7F121536659600315E1A /* Project object */;
}
